
Microsoft Visual Studio Solution File, Format Version 12.00
# Visual Studio Version 16
VisualStudioVersion = 16.0.809.1
MinimumVisualStudioVersion = 10.0.40219.1
Project("{FAE04EC0-301F-11D3-BF4B-00C04F79EFBC}") = "TodoList", "TodoList.csproj", "{DCAC99F7-6AC9-4DEB-85B1-C295A09C5667}"
EndProject
Global
	GlobalSection(SolutionConfigurationPlatforms) = preSolution
		Debug|Any CPU = Debug|Any CPU
		Release|Any CPU = Release|Any CPU
	EndGlobalSection
	GlobalSection(ProjectConfigurationPlatforms) = postSolution
		{DCAC99F7-6AC9-4DEB-85B1-C295A09C5667}.Debug|Any CPU.ActiveCfg = Debug|Any CPU
		{DCAC99F7-6AC9-4DEB-85B1-C295A09C5667}.Debug|Any CPU.Build.0 = Debug|Any CPU
		{DCAC99F7-6AC9-4DEB-85B1-C295A09C5667}.Release|Any CPU.ActiveCfg = Release|Any CPU
		{DCAC99F7-6AC9-4DEB-85B1-C295A09C5667}.Release|Any CPU.Build.0 = Release|Any CPU
	EndGlobalSection
	GlobalSection(SolutionProperties) = preSolution
		HideSolutionNode = FALSE
	EndGlobalSection
	GlobalSection(ExtensibilityGlobals) = postSolution
		SolutionGuid = {65CFF03B-90C3-4866-93E9-735E3B575381}
	EndGlobalSection
EndGlobal
